
Microsoft Visual Studio Solution File, Format Version 12.00
# Visual Studio Version 16
VisualStudioVersion = 16.0.31025.194
MinimumVisualStudioVersion = 10.0.40219.1
Project("{FAE04EC0-301F-11D3-BF4B-00C04F79EFBC}") = "ReferanceTypes", "ReferanceTypes\ReferanceTypes.csproj", "{C2FFB852-5B50-4389-A17C-08868B4F956D}"
EndProject
Global
	GlobalSection(SolutionConfigurationPlatforms) = preSolution
		Debug|Any CPU = Debug|Any CPU
		Release|Any CPU = Release|Any CPU
	EndGlobalSection
	GlobalSection(ProjectConfigurationPlatforms) = postSolution
		{C2FFB852-5B50-4389-A17C-08868B4F956D}.Debug|Any CPU.ActiveCfg = Debug|Any CPU
		{C2FFB852-5B50-4389-A17C-08868B4F956D}.Debug|Any CPU.Build.0 = Debug|Any CPU
		{C2FFB852-5B50-4389-A17C-08868B4F956D}.Release|Any CPU.ActiveCfg = Release|Any CPU
		{C2FFB852-5B50-4389-A17C-08868B4F956D}.Release|Any CPU.Build.0 = Release|Any CPU
	EndGlobalSection
	GlobalSection(SolutionProperties) = preSolution
		HideSolutionNode = FALSE
	EndGlobalSection
	GlobalSection(ExtensibilityGlobals) = postSolution
		SolutionGuid = {5377BBAA-A449-4F0C-AAAD-7F44D44168F8}
	EndGlobalSection
EndGlobal
